
Microsoft Visual Studio Solution File, Format Version 12.00
# Visual Studio 15
Project("{FAE04EC0-301F-11D3-BF4B-00C04F79EFBC}") = "TodoList", "TodoList.csproj", "{27AE3EED-AA75-4A84-B319-6AE1EEE21BCB}"
EndProject
Global
	GlobalSection(SolutionConfigurationPlatforms) = preSolution
		Debug|Any CPU = Debug|Any CPU
		Release|Any CPU = Release|Any CPU
	EndGlobalSection
	GlobalSection(ProjectConfigurationPlatforms) = postSolution
		{27AE3EED-AA75-4A84-B319-6AE1EEE21BCB}.Debug|Any CPU.ActiveCfg = Debug|Any CPU
		{27AE3EED-AA75-4A84-B319-6AE1EEE21BCB}.Debug|Any CPU.Build.0 = Debug|Any CPU
		{27AE3EED-AA75-4A84-B319-6AE1EEE21BCB}.Release|Any CPU.ActiveCfg = Release|Any CPU
		{27AE3EED-AA75-4A84-B319-6AE1EEE21BCB}.Release|Any CPU.Build.0 = Release|Any CPU
	EndGlobalSection
EndGlobal
